
Microsoft Visual Studio Solution File, Format Version 12.00
# Visual Studio Version 17
VisualStudioVersion = 17.6.33829.357
MinimumVisualStudioVersion = 10.0.40219.1
Project("{FAE04EC0-301F-11D3-BF4B-00C04F79EFBC}") = "calculo_idade", "calculo_idade.csproj", "{F66245A6-B229-43C6-B21C-0E6AA5180201}"
EndProject
Global
	GlobalSection(SolutionConfigurationPlatforms) = preSolution
		Debug|Any CPU = Debug|Any CPU
		Release|Any CPU = Release|Any CPU
	EndGlobalSection
	GlobalSection(ProjectConfigurationPlatforms) = postSolution
		{F66245A6-B229-43C6-B21C-0E6AA5180201}.Debug|Any CPU.ActiveCfg = Debug|Any CPU
		{F66245A6-B229-43C6-B21C-0E6AA5180201}.Debug|Any CPU.Build.0 = Debug|Any CPU
		{F66245A6-B229-43C6-B21C-0E6AA5180201}.Release|Any CPU.ActiveCfg = Release|Any CPU
		{F66245A6-B229-43C6-B21C-0E6AA5180201}.Release|Any CPU.Build.0 = Release|Any CPU
	EndGlobalSection
	GlobalSection(SolutionProperties) = preSolution
		HideSolutionNode = FALSE
	EndGlobalSection
	GlobalSection(ExtensibilityGlobals) = postSolution
		SolutionGuid = {6A9E1D47-A865-4862-8AA8-1206D1C03100}
	EndGlobalSection
EndGlobal
