
Microsoft Visual Studio Solution File, Format Version 12.00
# Visual Studio Version 17
VisualStudioVersion = 17.6.33829.357
MinimumVisualStudioVersion = 10.0.40219.1
Project("{FAE04EC0-301F-11D3-BF4B-00C04F79EFBC}") = "messagebox", "messagebox.csproj", "{0F6868BA-B827-41D2-B2EA-3DE26A573FD6}"
EndProject
Global
	GlobalSection(SolutionConfigurationPlatforms) = preSolution
		Debug|Any CPU = Debug|Any CPU
		Release|Any CPU = Release|Any CPU
	EndGlobalSection
	GlobalSection(ProjectConfigurationPlatforms) = postSolution
		{0F6868BA-B827-41D2-B2EA-3DE26A573FD6}.Debug|Any CPU.ActiveCfg = Debug|Any CPU
		{0F6868BA-B827-41D2-B2EA-3DE26A573FD6}.Debug|Any CPU.Build.0 = Debug|Any CPU
		{0F6868BA-B827-41D2-B2EA-3DE26A573FD6}.Release|Any CPU.ActiveCfg = Release|Any CPU
		{0F6868BA-B827-41D2-B2EA-3DE26A573FD6}.Release|Any CPU.Build.0 = Release|Any CPU
	EndGlobalSection
	GlobalSection(SolutionProperties) = preSolution
		HideSolutionNode = FALSE
	EndGlobalSection
	GlobalSection(ExtensibilityGlobals) = postSolution
		SolutionGuid = {87442E6C-0DB8-4537-9AE7-210735781AA6}
	EndGlobalSection
EndGlobal
