
Microsoft Visual Studio Solution File, Format Version 12.00
# Visual Studio Version 17
VisualStudioVersion = 17.8.34525.116
MinimumVisualStudioVersion = 10.0.40219.1
Project("{FAE04EC0-301F-11D3-BF4B-00C04F79EFBC}") = "intro", "intro\intro.csproj", "{2C46874C-D90A-4813-9402-C8E5BB6D86E5}"
EndProject
Global
	GlobalSection(SolutionConfigurationPlatforms) = preSolution
		Debug|Any CPU = Debug|Any CPU
		Release|Any CPU = Release|Any CPU
	EndGlobalSection
	GlobalSection(ProjectConfigurationPlatforms) = postSolution
		{2C46874C-D90A-4813-9402-C8E5BB6D86E5}.Debug|Any CPU.ActiveCfg = Debug|Any CPU
		{2C46874C-D90A-4813-9402-C8E5BB6D86E5}.Debug|Any CPU.Build.0 = Debug|Any CPU
		{2C46874C-D90A-4813-9402-C8E5BB6D86E5}.Release|Any CPU.ActiveCfg = Release|Any CPU
		{2C46874C-D90A-4813-9402-C8E5BB6D86E5}.Release|Any CPU.Build.0 = Release|Any CPU
	EndGlobalSection
	GlobalSection(SolutionProperties) = preSolution
		HideSolutionNode = FALSE
	EndGlobalSection
	GlobalSection(ExtensibilityGlobals) = postSolution
		SolutionGuid = {D72D84D1-A81A-4106-A516-88411ACCB987}
	EndGlobalSection
EndGlobal
