
Microsoft Visual Studio Solution File, Format Version 12.00
# Visual Studio Version 17
VisualStudioVersion = 17.8.34525.116
MinimumVisualStudioVersion = 10.0.40219.1
Project("{FAE04EC0-301F-11D3-BF4B-00C04F79EFBC}") = "232017", "232017\232017.csproj", "{9B90B1BF-E910-4FE8-9E54-72C7620A7A98}"
EndProject
Global
	GlobalSection(SolutionConfigurationPlatforms) = preSolution
		Debug|Any CPU = Debug|Any CPU
		Release|Any CPU = Release|Any CPU
	EndGlobalSection
	GlobalSection(ProjectConfigurationPlatforms) = postSolution
		{9B90B1BF-E910-4FE8-9E54-72C7620A7A98}.Debug|Any CPU.ActiveCfg = Debug|Any CPU
		{9B90B1BF-E910-4FE8-9E54-72C7620A7A98}.Debug|Any CPU.Build.0 = Debug|Any CPU
		{9B90B1BF-E910-4FE8-9E54-72C7620A7A98}.Release|Any CPU.ActiveCfg = Release|Any CPU
		{9B90B1BF-E910-4FE8-9E54-72C7620A7A98}.Release|Any CPU.Build.0 = Release|Any CPU
	EndGlobalSection
	GlobalSection(SolutionProperties) = preSolution
		HideSolutionNode = FALSE
	EndGlobalSection
	GlobalSection(ExtensibilityGlobals) = postSolution
		SolutionGuid = {E0BA927E-FEEE-44FE-A710-D00D3175C96C}
	EndGlobalSection
EndGlobal
