
Microsoft Visual Studio Solution File, Format Version 12.00
# Visual Studio Version 17
VisualStudioVersion = 17.6.33829.357
MinimumVisualStudioVersion = 10.0.40219.1
Project("{FAE04EC0-301F-11D3-BF4B-00C04F79EFBC}") = "232017-prjmessagebox", "232017-prjmessagebox.csproj", "{57090C2A-99FF-4D41-AE9E-B6C835060EFA}"
EndProject
Global
	GlobalSection(SolutionConfigurationPlatforms) = preSolution
		Debug|Any CPU = Debug|Any CPU
		Release|Any CPU = Release|Any CPU
	EndGlobalSection
	GlobalSection(ProjectConfigurationPlatforms) = postSolution
		{57090C2A-99FF-4D41-AE9E-B6C835060EFA}.Debug|Any CPU.ActiveCfg = Debug|Any CPU
		{57090C2A-99FF-4D41-AE9E-B6C835060EFA}.Debug|Any CPU.Build.0 = Debug|Any CPU
		{57090C2A-99FF-4D41-AE9E-B6C835060EFA}.Release|Any CPU.ActiveCfg = Release|Any CPU
		{57090C2A-99FF-4D41-AE9E-B6C835060EFA}.Release|Any CPU.Build.0 = Release|Any CPU
	EndGlobalSection
	GlobalSection(SolutionProperties) = preSolution
		HideSolutionNode = FALSE
	EndGlobalSection
	GlobalSection(ExtensibilityGlobals) = postSolution
		SolutionGuid = {21F851E5-36C9-48D6-94C0-187700A5DD55}
	EndGlobalSection
EndGlobal
