
Microsoft Visual Studio Solution File, Format Version 12.00
# Visual Studio Version 17
VisualStudioVersion = 17.6.33829.357
MinimumVisualStudioVersion = 10.0.40219.1
Project("{FAE04EC0-301F-11D3-BF4B-00C04F79EFBC}") = "array-meses", "array-meses.csproj", "{4DED8AA8-7DB8-453D-8546-23CD86DB9F06}"
EndProject
Global
	GlobalSection(SolutionConfigurationPlatforms) = preSolution
		Debug|Any CPU = Debug|Any CPU
		Release|Any CPU = Release|Any CPU
	EndGlobalSection
	GlobalSection(ProjectConfigurationPlatforms) = postSolution
		{4DED8AA8-7DB8-453D-8546-23CD86DB9F06}.Debug|Any CPU.ActiveCfg = Debug|Any CPU
		{4DED8AA8-7DB8-453D-8546-23CD86DB9F06}.Debug|Any CPU.Build.0 = Debug|Any CPU
		{4DED8AA8-7DB8-453D-8546-23CD86DB9F06}.Release|Any CPU.ActiveCfg = Release|Any CPU
		{4DED8AA8-7DB8-453D-8546-23CD86DB9F06}.Release|Any CPU.Build.0 = Release|Any CPU
	EndGlobalSection
	GlobalSection(SolutionProperties) = preSolution
		HideSolutionNode = FALSE
	EndGlobalSection
	GlobalSection(ExtensibilityGlobals) = postSolution
		SolutionGuid = {28278E75-4701-46E1-AD07-C354C95B90B6}
	EndGlobalSection
EndGlobal
