
Microsoft Visual Studio Solution File, Format Version 12.00
# Visual Studio Version 17
VisualStudioVersion = 17.6.33829.357
MinimumVisualStudioVersion = 10.0.40219.1
Project("{FAE04EC0-301F-11D3-BF4B-00C04F79EFBC}") = "decisao_combustivel", "decisao_combustivel.csproj", "{89C317C7-557E-459E-93A8-B3060FA2C598}"
EndProject
Global
	GlobalSection(SolutionConfigurationPlatforms) = preSolution
		Debug|Any CPU = Debug|Any CPU
		Release|Any CPU = Release|Any CPU
	EndGlobalSection
	GlobalSection(ProjectConfigurationPlatforms) = postSolution
		{89C317C7-557E-459E-93A8-B3060FA2C598}.Debug|Any CPU.ActiveCfg = Debug|Any CPU
		{89C317C7-557E-459E-93A8-B3060FA2C598}.Debug|Any CPU.Build.0 = Debug|Any CPU
		{89C317C7-557E-459E-93A8-B3060FA2C598}.Release|Any CPU.ActiveCfg = Release|Any CPU
		{89C317C7-557E-459E-93A8-B3060FA2C598}.Release|Any CPU.Build.0 = Release|Any CPU
	EndGlobalSection
	GlobalSection(SolutionProperties) = preSolution
		HideSolutionNode = FALSE
	EndGlobalSection
	GlobalSection(ExtensibilityGlobals) = postSolution
		SolutionGuid = {D120A29F-7A05-48BF-BF41-D86882E16BB9}
	EndGlobalSection
EndGlobal
