
Microsoft Visual Studio Solution File, Format Version 12.00
# Visual Studio Version 17
VisualStudioVersion = 17.6.33829.357
MinimumVisualStudioVersion = 10.0.40219.1
Project("{FAE04EC0-301F-11D3-BF4B-00C04F79EFBC}") = "calculo_salario", "calculo_salario.csproj", "{3D4AFA99-0EBA-423E-839D-2D27A4C0C2C8}"
EndProject
Global
	GlobalSection(SolutionConfigurationPlatforms) = preSolution
		Debug|Any CPU = Debug|Any CPU
		Release|Any CPU = Release|Any CPU
	EndGlobalSection
	GlobalSection(ProjectConfigurationPlatforms) = postSolution
		{3D4AFA99-0EBA-423E-839D-2D27A4C0C2C8}.Debug|Any CPU.ActiveCfg = Debug|Any CPU
		{3D4AFA99-0EBA-423E-839D-2D27A4C0C2C8}.Debug|Any CPU.Build.0 = Debug|Any CPU
		{3D4AFA99-0EBA-423E-839D-2D27A4C0C2C8}.Release|Any CPU.ActiveCfg = Release|Any CPU
		{3D4AFA99-0EBA-423E-839D-2D27A4C0C2C8}.Release|Any CPU.Build.0 = Release|Any CPU
	EndGlobalSection
	GlobalSection(SolutionProperties) = preSolution
		HideSolutionNode = FALSE
	EndGlobalSection
	GlobalSection(ExtensibilityGlobals) = postSolution
		SolutionGuid = {A74A0E1F-CA4E-4157-8F9F-D1896A7B321B}
	EndGlobalSection
EndGlobal
