
Microsoft Visual Studio Solution File, Format Version 12.00
# Visual Studio Version 17
VisualStudioVersion = 17.6.33829.357
MinimumVisualStudioVersion = 10.0.40219.1
Project("{FAE04EC0-301F-11D3-BF4B-00C04F79EFBC}") = "percentual_impostos", "percentual_impostos.csproj", "{E7C2C60F-35CE-48E5-94CB-B31F4BF9B912}"
EndProject
Global
	GlobalSection(SolutionConfigurationPlatforms) = preSolution
		Debug|Any CPU = Debug|Any CPU
		Release|Any CPU = Release|Any CPU
	EndGlobalSection
	GlobalSection(ProjectConfigurationPlatforms) = postSolution
		{E7C2C60F-35CE-48E5-94CB-B31F4BF9B912}.Debug|Any CPU.ActiveCfg = Debug|Any CPU
		{E7C2C60F-35CE-48E5-94CB-B31F4BF9B912}.Debug|Any CPU.Build.0 = Debug|Any CPU
		{E7C2C60F-35CE-48E5-94CB-B31F4BF9B912}.Release|Any CPU.ActiveCfg = Release|Any CPU
		{E7C2C60F-35CE-48E5-94CB-B31F4BF9B912}.Release|Any CPU.Build.0 = Release|Any CPU
	EndGlobalSection
	GlobalSection(SolutionProperties) = preSolution
		HideSolutionNode = FALSE
	EndGlobalSection
	GlobalSection(ExtensibilityGlobals) = postSolution
		SolutionGuid = {4F5DD86F-8C03-46A2-BC81-4A0F1E00F058}
	EndGlobalSection
EndGlobal
