
Microsoft Visual Studio Solution File, Format Version 12.00
# Visual Studio Version 17
VisualStudioVersion = 17.6.33829.357
MinimumVisualStudioVersion = 10.0.40219.1
Project("{FAE04EC0-301F-11D3-BF4B-00C04F79EFBC}") = "poo-arraylist-foreach", "poo-arraylist-foreach.csproj", "{EEDF97E8-9EB7-4011-AC63-C356215CAF2C}"
EndProject
Global
	GlobalSection(SolutionConfigurationPlatforms) = preSolution
		Debug|Any CPU = Debug|Any CPU
		Release|Any CPU = Release|Any CPU
	EndGlobalSection
	GlobalSection(ProjectConfigurationPlatforms) = postSolution
		{EEDF97E8-9EB7-4011-AC63-C356215CAF2C}.Debug|Any CPU.ActiveCfg = Debug|Any CPU
		{EEDF97E8-9EB7-4011-AC63-C356215CAF2C}.Debug|Any CPU.Build.0 = Debug|Any CPU
		{EEDF97E8-9EB7-4011-AC63-C356215CAF2C}.Release|Any CPU.ActiveCfg = Release|Any CPU
		{EEDF97E8-9EB7-4011-AC63-C356215CAF2C}.Release|Any CPU.Build.0 = Release|Any CPU
	EndGlobalSection
	GlobalSection(SolutionProperties) = preSolution
		HideSolutionNode = FALSE
	EndGlobalSection
	GlobalSection(ExtensibilityGlobals) = postSolution
		SolutionGuid = {8C77A7B4-255C-48F4-9573-8A27CDCE319B}
	EndGlobalSection
EndGlobal
