
Microsoft Visual Studio Solution File, Format Version 12.00
# Visual Studio Version 17
VisualStudioVersion = 17.6.33829.357
MinimumVisualStudioVersion = 10.0.40219.1
Project("{FAE04EC0-301F-11D3-BF4B-00C04F79EFBC}") = "array-compras", "array-compras.csproj", "{C04AAA4A-E3E6-4B6D-8C88-1B06CBC76D55}"
EndProject
Global
	GlobalSection(SolutionConfigurationPlatforms) = preSolution
		Debug|Any CPU = Debug|Any CPU
		Release|Any CPU = Release|Any CPU
	EndGlobalSection
	GlobalSection(ProjectConfigurationPlatforms) = postSolution
		{C04AAA4A-E3E6-4B6D-8C88-1B06CBC76D55}.Debug|Any CPU.ActiveCfg = Debug|Any CPU
		{C04AAA4A-E3E6-4B6D-8C88-1B06CBC76D55}.Debug|Any CPU.Build.0 = Debug|Any CPU
		{C04AAA4A-E3E6-4B6D-8C88-1B06CBC76D55}.Release|Any CPU.ActiveCfg = Release|Any CPU
		{C04AAA4A-E3E6-4B6D-8C88-1B06CBC76D55}.Release|Any CPU.Build.0 = Release|Any CPU
	EndGlobalSection
	GlobalSection(SolutionProperties) = preSolution
		HideSolutionNode = FALSE
	EndGlobalSection
	GlobalSection(ExtensibilityGlobals) = postSolution
		SolutionGuid = {DDC99D97-5222-4DB2-8450-8F2F90C6EA87}
	EndGlobalSection
EndGlobal
