
Microsoft Visual Studio Solution File, Format Version 12.00
# Visual Studio Version 17
VisualStudioVersion = 17.6.33829.357
MinimumVisualStudioVersion = 10.0.40219.1
Project("{FAE04EC0-301F-11D3-BF4B-00C04F79EFBC}") = "pontuacao_candidato", "pontuacao_candidato.csproj", "{D8768391-7DAC-4549-B910-D3296432CFA9}"
EndProject
Global
	GlobalSection(SolutionConfigurationPlatforms) = preSolution
		Debug|Any CPU = Debug|Any CPU
		Release|Any CPU = Release|Any CPU
	EndGlobalSection
	GlobalSection(ProjectConfigurationPlatforms) = postSolution
		{D8768391-7DAC-4549-B910-D3296432CFA9}.Debug|Any CPU.ActiveCfg = Debug|Any CPU
		{D8768391-7DAC-4549-B910-D3296432CFA9}.Debug|Any CPU.Build.0 = Debug|Any CPU
		{D8768391-7DAC-4549-B910-D3296432CFA9}.Release|Any CPU.ActiveCfg = Release|Any CPU
		{D8768391-7DAC-4549-B910-D3296432CFA9}.Release|Any CPU.Build.0 = Release|Any CPU
	EndGlobalSection
	GlobalSection(SolutionProperties) = preSolution
		HideSolutionNode = FALSE
	EndGlobalSection
	GlobalSection(ExtensibilityGlobals) = postSolution
		SolutionGuid = {22ABA1D3-B1B1-4FEA-8E4C-D082E734C47E}
	EndGlobalSection
EndGlobal
