
Microsoft Visual Studio Solution File, Format Version 12.00
# Visual Studio Version 17
VisualStudioVersion = 17.6.33829.357
MinimumVisualStudioVersion = 10.0.40219.1
Project("{FAE04EC0-301F-11D3-BF4B-00C04F79EFBC}") = "saque-deposito-while", "saque-deposito-while.csproj", "{84A02498-815B-4629-8EA2-8C7D950DE867}"
EndProject
Global
	GlobalSection(SolutionConfigurationPlatforms) = preSolution
		Debug|Any CPU = Debug|Any CPU
		Release|Any CPU = Release|Any CPU
	EndGlobalSection
	GlobalSection(ProjectConfigurationPlatforms) = postSolution
		{84A02498-815B-4629-8EA2-8C7D950DE867}.Debug|Any CPU.ActiveCfg = Debug|Any CPU
		{84A02498-815B-4629-8EA2-8C7D950DE867}.Debug|Any CPU.Build.0 = Debug|Any CPU
		{84A02498-815B-4629-8EA2-8C7D950DE867}.Release|Any CPU.ActiveCfg = Release|Any CPU
		{84A02498-815B-4629-8EA2-8C7D950DE867}.Release|Any CPU.Build.0 = Release|Any CPU
	EndGlobalSection
	GlobalSection(SolutionProperties) = preSolution
		HideSolutionNode = FALSE
	EndGlobalSection
	GlobalSection(ExtensibilityGlobals) = postSolution
		SolutionGuid = {62B7EC1D-E555-4FA6-B393-007289339F98}
	EndGlobalSection
EndGlobal
