
Microsoft Visual Studio Solution File, Format Version 12.00
# Visual Studio Version 17
VisualStudioVersion = 17.6.33829.357
MinimumVisualStudioVersion = 10.0.40219.1
Project("{FAE04EC0-301F-11D3-BF4B-00C04F79EFBC}") = "232017_correcao", "232017_correcao.csproj", "{E10230E7-26C6-4CDA-9C4B-9758B80DC737}"
EndProject
Global
	GlobalSection(SolutionConfigurationPlatforms) = preSolution
		Debug|Any CPU = Debug|Any CPU
		Release|Any CPU = Release|Any CPU
	EndGlobalSection
	GlobalSection(ProjectConfigurationPlatforms) = postSolution
		{E10230E7-26C6-4CDA-9C4B-9758B80DC737}.Debug|Any CPU.ActiveCfg = Debug|Any CPU
		{E10230E7-26C6-4CDA-9C4B-9758B80DC737}.Debug|Any CPU.Build.0 = Debug|Any CPU
		{E10230E7-26C6-4CDA-9C4B-9758B80DC737}.Release|Any CPU.ActiveCfg = Release|Any CPU
		{E10230E7-26C6-4CDA-9C4B-9758B80DC737}.Release|Any CPU.Build.0 = Release|Any CPU
	EndGlobalSection
	GlobalSection(SolutionProperties) = preSolution
		HideSolutionNode = FALSE
	EndGlobalSection
	GlobalSection(ExtensibilityGlobals) = postSolution
		SolutionGuid = {E9BF23E3-4611-4B35-822D-D748390E886A}
	EndGlobalSection
EndGlobal
