
Microsoft Visual Studio Solution File, Format Version 12.00
# Visual Studio Version 17
VisualStudioVersion = 17.6.33829.357
MinimumVisualStudioVersion = 10.0.40219.1
Project("{FAE04EC0-301F-11D3-BF4B-00C04F79EFBC}") = "manipulando-arraylist", "manipulando-arraylist.csproj", "{F4E74573-7115-4BCC-848B-13B37F80EC68}"
EndProject
Global
	GlobalSection(SolutionConfigurationPlatforms) = preSolution
		Debug|Any CPU = Debug|Any CPU
		Release|Any CPU = Release|Any CPU
	EndGlobalSection
	GlobalSection(ProjectConfigurationPlatforms) = postSolution
		{F4E74573-7115-4BCC-848B-13B37F80EC68}.Debug|Any CPU.ActiveCfg = Debug|Any CPU
		{F4E74573-7115-4BCC-848B-13B37F80EC68}.Debug|Any CPU.Build.0 = Debug|Any CPU
		{F4E74573-7115-4BCC-848B-13B37F80EC68}.Release|Any CPU.ActiveCfg = Release|Any CPU
		{F4E74573-7115-4BCC-848B-13B37F80EC68}.Release|Any CPU.Build.0 = Release|Any CPU
	EndGlobalSection
	GlobalSection(SolutionProperties) = preSolution
		HideSolutionNode = FALSE
	EndGlobalSection
	GlobalSection(ExtensibilityGlobals) = postSolution
		SolutionGuid = {F43769A1-8850-4678-B907-DD0A21637959}
	EndGlobalSection
EndGlobal
