
Microsoft Visual Studio Solution File, Format Version 12.00
# Visual Studio Version 17
VisualStudioVersion = 17.6.33829.357
MinimumVisualStudioVersion = 10.0.40219.1
Project("{FAE04EC0-301F-11D3-BF4B-00C04F79EFBC}") = "array-new-for-carros", "array-new-for-carros.csproj", "{8E55EEAB-B55F-4529-B144-052BC2DE0CE1}"
EndProject
Global
	GlobalSection(SolutionConfigurationPlatforms) = preSolution
		Debug|Any CPU = Debug|Any CPU
		Release|Any CPU = Release|Any CPU
	EndGlobalSection
	GlobalSection(ProjectConfigurationPlatforms) = postSolution
		{8E55EEAB-B55F-4529-B144-052BC2DE0CE1}.Debug|Any CPU.ActiveCfg = Debug|Any CPU
		{8E55EEAB-B55F-4529-B144-052BC2DE0CE1}.Debug|Any CPU.Build.0 = Debug|Any CPU
		{8E55EEAB-B55F-4529-B144-052BC2DE0CE1}.Release|Any CPU.ActiveCfg = Release|Any CPU
		{8E55EEAB-B55F-4529-B144-052BC2DE0CE1}.Release|Any CPU.Build.0 = Release|Any CPU
	EndGlobalSection
	GlobalSection(SolutionProperties) = preSolution
		HideSolutionNode = FALSE
	EndGlobalSection
	GlobalSection(ExtensibilityGlobals) = postSolution
		SolutionGuid = {5982D1F3-E517-4045-892C-83455624306B}
	EndGlobalSection
EndGlobal
