
Microsoft Visual Studio Solution File, Format Version 12.00
# Visual Studio Version 17
VisualStudioVersion = 17.6.33829.357
MinimumVisualStudioVersion = 10.0.40219.1
Project("{FAE04EC0-301F-11D3-BF4B-00C04F79EFBC}") = "tabuada_while", "tabuada_while.csproj", "{1F87254B-EE0D-4FF0-B097-9AAA604DAF77}"
EndProject
Global
	GlobalSection(SolutionConfigurationPlatforms) = preSolution
		Debug|Any CPU = Debug|Any CPU
		Release|Any CPU = Release|Any CPU
	EndGlobalSection
	GlobalSection(ProjectConfigurationPlatforms) = postSolution
		{1F87254B-EE0D-4FF0-B097-9AAA604DAF77}.Debug|Any CPU.ActiveCfg = Debug|Any CPU
		{1F87254B-EE0D-4FF0-B097-9AAA604DAF77}.Debug|Any CPU.Build.0 = Debug|Any CPU
		{1F87254B-EE0D-4FF0-B097-9AAA604DAF77}.Release|Any CPU.ActiveCfg = Release|Any CPU
		{1F87254B-EE0D-4FF0-B097-9AAA604DAF77}.Release|Any CPU.Build.0 = Release|Any CPU
	EndGlobalSection
	GlobalSection(SolutionProperties) = preSolution
		HideSolutionNode = FALSE
	EndGlobalSection
	GlobalSection(ExtensibilityGlobals) = postSolution
		SolutionGuid = {23844050-5FCF-43F0-8B2C-0EE828B96EC8}
	EndGlobalSection
EndGlobal
