
Microsoft Visual Studio Solution File, Format Version 12.00
# Visual Studio Version 17
VisualStudioVersion = 17.6.33829.357
MinimumVisualStudioVersion = 10.0.40219.1
Project("{FAE04EC0-301F-11D3-BF4B-00C04F79EFBC}") = "batimentos_cardiacos", "batimentos_cardiacos.csproj", "{598BFADB-48A9-4E35-B375-0907899A31D4}"
EndProject
Global
	GlobalSection(SolutionConfigurationPlatforms) = preSolution
		Debug|Any CPU = Debug|Any CPU
		Release|Any CPU = Release|Any CPU
	EndGlobalSection
	GlobalSection(ProjectConfigurationPlatforms) = postSolution
		{598BFADB-48A9-4E35-B375-0907899A31D4}.Debug|Any CPU.ActiveCfg = Debug|Any CPU
		{598BFADB-48A9-4E35-B375-0907899A31D4}.Debug|Any CPU.Build.0 = Debug|Any CPU
		{598BFADB-48A9-4E35-B375-0907899A31D4}.Release|Any CPU.ActiveCfg = Release|Any CPU
		{598BFADB-48A9-4E35-B375-0907899A31D4}.Release|Any CPU.Build.0 = Release|Any CPU
	EndGlobalSection
	GlobalSection(SolutionProperties) = preSolution
		HideSolutionNode = FALSE
	EndGlobalSection
	GlobalSection(ExtensibilityGlobals) = postSolution
		SolutionGuid = {E224F61C-9E01-44E7-A832-017F46E90A16}
	EndGlobalSection
EndGlobal
