
Microsoft Visual Studio Solution File, Format Version 12.00
# Visual Studio Version 17
VisualStudioVersion = 17.6.33829.357
MinimumVisualStudioVersion = 10.0.40219.1
Project("{FAE04EC0-301F-11D3-BF4B-00C04F79EFBC}") = "imc_class", "imc_class.csproj", "{812BB2AD-FDAF-4ED3-BF01-2CB207FF840F}"
EndProject
Global
	GlobalSection(SolutionConfigurationPlatforms) = preSolution
		Debug|Any CPU = Debug|Any CPU
		Release|Any CPU = Release|Any CPU
	EndGlobalSection
	GlobalSection(ProjectConfigurationPlatforms) = postSolution
		{812BB2AD-FDAF-4ED3-BF01-2CB207FF840F}.Debug|Any CPU.ActiveCfg = Debug|Any CPU
		{812BB2AD-FDAF-4ED3-BF01-2CB207FF840F}.Debug|Any CPU.Build.0 = Debug|Any CPU
		{812BB2AD-FDAF-4ED3-BF01-2CB207FF840F}.Release|Any CPU.ActiveCfg = Release|Any CPU
		{812BB2AD-FDAF-4ED3-BF01-2CB207FF840F}.Release|Any CPU.Build.0 = Release|Any CPU
	EndGlobalSection
	GlobalSection(SolutionProperties) = preSolution
		HideSolutionNode = FALSE
	EndGlobalSection
	GlobalSection(ExtensibilityGlobals) = postSolution
		SolutionGuid = {EE41E3F6-F12C-40F2-ACA7-C01EB42D2715}
	EndGlobalSection
EndGlobal
