
Microsoft Visual Studio Solution File, Format Version 12.00
# Visual Studio Version 17
VisualStudioVersion = 17.6.33829.357
MinimumVisualStudioVersion = 10.0.40219.1
Project("{FAE04EC0-301F-11D3-BF4B-00C04F79EFBC}") = "calculo_hospedagem", "calculo_hospedagem.csproj", "{A73C78B8-2F94-41D3-A0B8-82F7EFEAC0C8}"
EndProject
Global
	GlobalSection(SolutionConfigurationPlatforms) = preSolution
		Debug|Any CPU = Debug|Any CPU
		Release|Any CPU = Release|Any CPU
	EndGlobalSection
	GlobalSection(ProjectConfigurationPlatforms) = postSolution
		{A73C78B8-2F94-41D3-A0B8-82F7EFEAC0C8}.Debug|Any CPU.ActiveCfg = Debug|Any CPU
		{A73C78B8-2F94-41D3-A0B8-82F7EFEAC0C8}.Debug|Any CPU.Build.0 = Debug|Any CPU
		{A73C78B8-2F94-41D3-A0B8-82F7EFEAC0C8}.Release|Any CPU.ActiveCfg = Release|Any CPU
		{A73C78B8-2F94-41D3-A0B8-82F7EFEAC0C8}.Release|Any CPU.Build.0 = Release|Any CPU
	EndGlobalSection
	GlobalSection(SolutionProperties) = preSolution
		HideSolutionNode = FALSE
	EndGlobalSection
	GlobalSection(ExtensibilityGlobals) = postSolution
		SolutionGuid = {1541F8AE-E9D7-4265-BD0F-86C3AAFDF686}
	EndGlobalSection
EndGlobal
