
Microsoft Visual Studio Solution File, Format Version 12.00
# Visual Studio Version 17
VisualStudioVersion = 17.6.33829.357
MinimumVisualStudioVersion = 10.0.40219.1
Project("{FAE04EC0-301F-11D3-BF4B-00C04F79EFBC}") = "while_multiplos", "while_multiplos.csproj", "{EA3BFC1D-E229-409D-B3D9-957B6944F270}"
EndProject
Global
	GlobalSection(SolutionConfigurationPlatforms) = preSolution
		Debug|Any CPU = Debug|Any CPU
		Release|Any CPU = Release|Any CPU
	EndGlobalSection
	GlobalSection(ProjectConfigurationPlatforms) = postSolution
		{EA3BFC1D-E229-409D-B3D9-957B6944F270}.Debug|Any CPU.ActiveCfg = Debug|Any CPU
		{EA3BFC1D-E229-409D-B3D9-957B6944F270}.Debug|Any CPU.Build.0 = Debug|Any CPU
		{EA3BFC1D-E229-409D-B3D9-957B6944F270}.Release|Any CPU.ActiveCfg = Release|Any CPU
		{EA3BFC1D-E229-409D-B3D9-957B6944F270}.Release|Any CPU.Build.0 = Release|Any CPU
	EndGlobalSection
	GlobalSection(SolutionProperties) = preSolution
		HideSolutionNode = FALSE
	EndGlobalSection
	GlobalSection(ExtensibilityGlobals) = postSolution
		SolutionGuid = {B91C7E8A-66AC-4172-BD05-EB4F6103D16A}
	EndGlobalSection
EndGlobal
