
Microsoft Visual Studio Solution File, Format Version 12.00
# Visual Studio Version 17
VisualStudioVersion = 17.6.33829.357
MinimumVisualStudioVersion = 10.0.40219.1
Project("{FAE04EC0-301F-11D3-BF4B-00C04F79EFBC}") = "array-for-nome", "array-for-nome.csproj", "{7E55A4D6-20DA-4E0A-B19C-ECEB1A14FF04}"
EndProject
Global
	GlobalSection(SolutionConfigurationPlatforms) = preSolution
		Debug|Any CPU = Debug|Any CPU
		Release|Any CPU = Release|Any CPU
	EndGlobalSection
	GlobalSection(ProjectConfigurationPlatforms) = postSolution
		{7E55A4D6-20DA-4E0A-B19C-ECEB1A14FF04}.Debug|Any CPU.ActiveCfg = Debug|Any CPU
		{7E55A4D6-20DA-4E0A-B19C-ECEB1A14FF04}.Debug|Any CPU.Build.0 = Debug|Any CPU
		{7E55A4D6-20DA-4E0A-B19C-ECEB1A14FF04}.Release|Any CPU.ActiveCfg = Release|Any CPU
		{7E55A4D6-20DA-4E0A-B19C-ECEB1A14FF04}.Release|Any CPU.Build.0 = Release|Any CPU
	EndGlobalSection
	GlobalSection(SolutionProperties) = preSolution
		HideSolutionNode = FALSE
	EndGlobalSection
	GlobalSection(ExtensibilityGlobals) = postSolution
		SolutionGuid = {7D0A2915-2293-47B9-BB4A-9610BA432C74}
	EndGlobalSection
EndGlobal
