
Microsoft Visual Studio Solution File, Format Version 12.00
# Visual Studio Version 17
VisualStudioVersion = 17.6.33829.357
MinimumVisualStudioVersion = 10.0.40219.1
Project("{FAE04EC0-301F-11D3-BF4B-00C04F79EFBC}") = "divisao_de_gastos", "divisao_de_gastos.csproj", "{07211C79-C136-4F2A-B429-A43EB47C4453}"
EndProject
Global
	GlobalSection(SolutionConfigurationPlatforms) = preSolution
		Debug|Any CPU = Debug|Any CPU
		Release|Any CPU = Release|Any CPU
	EndGlobalSection
	GlobalSection(ProjectConfigurationPlatforms) = postSolution
		{07211C79-C136-4F2A-B429-A43EB47C4453}.Debug|Any CPU.ActiveCfg = Debug|Any CPU
		{07211C79-C136-4F2A-B429-A43EB47C4453}.Debug|Any CPU.Build.0 = Debug|Any CPU
		{07211C79-C136-4F2A-B429-A43EB47C4453}.Release|Any CPU.ActiveCfg = Release|Any CPU
		{07211C79-C136-4F2A-B429-A43EB47C4453}.Release|Any CPU.Build.0 = Release|Any CPU
	EndGlobalSection
	GlobalSection(SolutionProperties) = preSolution
		HideSolutionNode = FALSE
	EndGlobalSection
	GlobalSection(ExtensibilityGlobals) = postSolution
		SolutionGuid = {088B8597-F2D7-4C01-9BA6-F05AFD2958E9}
	EndGlobalSection
EndGlobal
