
Microsoft Visual Studio Solution File, Format Version 12.00
# Visual Studio Version 17
VisualStudioVersion = 17.6.33829.357
MinimumVisualStudioVersion = 10.0.40219.1
Project("{FAE04EC0-301F-11D3-BF4B-00C04F79EFBC}") = "converter_moedas", "converter_moedas.csproj", "{DBB856D8-D4D4-4215-AEB8-A39A258182F2}"
EndProject
Global
	GlobalSection(SolutionConfigurationPlatforms) = preSolution
		Debug|Any CPU = Debug|Any CPU
		Release|Any CPU = Release|Any CPU
	EndGlobalSection
	GlobalSection(ProjectConfigurationPlatforms) = postSolution
		{DBB856D8-D4D4-4215-AEB8-A39A258182F2}.Debug|Any CPU.ActiveCfg = Debug|Any CPU
		{DBB856D8-D4D4-4215-AEB8-A39A258182F2}.Debug|Any CPU.Build.0 = Debug|Any CPU
		{DBB856D8-D4D4-4215-AEB8-A39A258182F2}.Release|Any CPU.ActiveCfg = Release|Any CPU
		{DBB856D8-D4D4-4215-AEB8-A39A258182F2}.Release|Any CPU.Build.0 = Release|Any CPU
	EndGlobalSection
	GlobalSection(SolutionProperties) = preSolution
		HideSolutionNode = FALSE
	EndGlobalSection
	GlobalSection(ExtensibilityGlobals) = postSolution
		SolutionGuid = {177DB2D7-422C-4B51-93E8-E194CF9780A1}
	EndGlobalSection
EndGlobal
