
Microsoft Visual Studio Solution File, Format Version 12.00
# Visual Studio Version 17
VisualStudioVersion = 17.6.33829.357
MinimumVisualStudioVersion = 10.0.40219.1
Project("{FAE04EC0-301F-11D3-BF4B-00C04F79EFBC}") = "despesas-do-while", "despesas-do-while.csproj", "{C023B897-7A4B-4D40-818B-45BEA73EE225}"
EndProject
Global
	GlobalSection(SolutionConfigurationPlatforms) = preSolution
		Debug|Any CPU = Debug|Any CPU
		Release|Any CPU = Release|Any CPU
	EndGlobalSection
	GlobalSection(ProjectConfigurationPlatforms) = postSolution
		{C023B897-7A4B-4D40-818B-45BEA73EE225}.Debug|Any CPU.ActiveCfg = Debug|Any CPU
		{C023B897-7A4B-4D40-818B-45BEA73EE225}.Debug|Any CPU.Build.0 = Debug|Any CPU
		{C023B897-7A4B-4D40-818B-45BEA73EE225}.Release|Any CPU.ActiveCfg = Release|Any CPU
		{C023B897-7A4B-4D40-818B-45BEA73EE225}.Release|Any CPU.Build.0 = Release|Any CPU
	EndGlobalSection
	GlobalSection(SolutionProperties) = preSolution
		HideSolutionNode = FALSE
	EndGlobalSection
	GlobalSection(ExtensibilityGlobals) = postSolution
		SolutionGuid = {8C0CB76C-C051-4C7F-8BBB-802C99906B58}
	EndGlobalSection
EndGlobal
